
Microsoft Visual Studio Solution File, Format Version 12.00
# Visual Studio Version 17
VisualStudioVersion = 17.8.34316.72
MinimumVisualStudioVersion = 10.0.40219.1
Project("{9A19103F-16F7-4668-BE54-9A1E7A4F7556}") = "PlayGround.ChatService", "PlayGround.ChatService.csproj", "{CF81B89C-D91E-404B-8A53-1319C23CE00C}"
EndProject
Global
	GlobalSection(SolutionConfigurationPlatforms) = preSolution
		Debug|Any CPU = Debug|Any CPU
		Release|Any CPU = Release|Any CPU
	EndGlobalSection
	GlobalSection(ProjectConfigurationPlatforms) = postSolution
		{CF81B89C-D91E-404B-8A53-1319C23CE00C}.Debug|Any CPU.ActiveCfg = Debug|Any CPU
		{CF81B89C-D91E-404B-8A53-1319C23CE00C}.Debug|Any CPU.Build.0 = Debug|Any CPU
		{CF81B89C-D91E-404B-8A53-1319C23CE00C}.Release|Any CPU.ActiveCfg = Release|Any CPU
		{CF81B89C-D91E-404B-8A53-1319C23CE00C}.Release|Any CPU.Build.0 = Release|Any CPU
	EndGlobalSection
	GlobalSection(SolutionProperties) = preSolution
		HideSolutionNode = FALSE
	EndGlobalSection
	GlobalSection(ExtensibilityGlobals) = postSolution
		SolutionGuid = {08C4E064-7B5C-466A-8354-57B8C989F7FC}
	EndGlobalSection
EndGlobal
