
Microsoft Visual Studio Solution File, Format Version 12.00
# Visual Studio Version 17
VisualStudioVersion = 17.8.34316.72
MinimumVisualStudioVersion = 10.0.40219.1
Project("{9A19103F-16F7-4668-BE54-9A1E7A4F7556}") = "PlayGround.ChatService.Api", "PlayGround.ChatService.Api.csproj", "{CF81B89C-D91E-404B-8A53-1319C23CE00C}"
EndProject
Project("{9A19103F-16F7-4668-BE54-9A1E7A4F7556}") = "PlayGround.ChatService.Infrastructure", "..\PlayGround.ChatService.Core\PlayGround.ChatService.Infrastructure.csproj", "{2F549CCB-6DE4-4142-B330-9A6458B828D6}"
EndProject
Project("{9A19103F-16F7-4668-BE54-9A1E7A4F7556}") = "PlayGround.ChatService.Application", "..\PlayGround.ChatService.Application\PlayGround.ChatService.Application.csproj", "{923A6A52-A370-45F1-B55F-822DCA79AF53}"
EndProject
Project("{9A19103F-16F7-4668-BE54-9A1E7A4F7556}") = "PlayGround.ChatService.Model", "..\ChatService.Model\PlayGround.ChatService.Model.csproj", "{2FD9B880-2039-47E5-8EA0-0B9E8AD0FE56}"
EndProject
Project("{FAE04EC0-301F-11D3-BF4B-00C04F79EFBC}") = "Playground.ChatService.Core", "..\Playground.Core\Playground.ChatService.Core.csproj", "{73229B9D-FDBF-411A-8287-D3743D259DEF}"
EndProject
Global
	GlobalSection(SolutionConfigurationPlatforms) = preSolution
		Debug|Any CPU = Debug|Any CPU
		Release|Any CPU = Release|Any CPU
	EndGlobalSection
	GlobalSection(ProjectConfigurationPlatforms) = postSolution
		{CF81B89C-D91E-404B-8A53-1319C23CE00C}.Debug|Any CPU.ActiveCfg = Debug|Any CPU
		{CF81B89C-D91E-404B-8A53-1319C23CE00C}.Debug|Any CPU.Build.0 = Debug|Any CPU
		{CF81B89C-D91E-404B-8A53-1319C23CE00C}.Release|Any CPU.ActiveCfg = Release|Any CPU
		{CF81B89C-D91E-404B-8A53-1319C23CE00C}.Release|Any CPU.Build.0 = Release|Any CPU
		{2F549CCB-6DE4-4142-B330-9A6458B828D6}.Debug|Any CPU.ActiveCfg = Debug|Any CPU
		{2F549CCB-6DE4-4142-B330-9A6458B828D6}.Debug|Any CPU.Build.0 = Debug|Any CPU
		{2F549CCB-6DE4-4142-B330-9A6458B828D6}.Release|Any CPU.ActiveCfg = Release|Any CPU
		{2F549CCB-6DE4-4142-B330-9A6458B828D6}.Release|Any CPU.Build.0 = Release|Any CPU
		{923A6A52-A370-45F1-B55F-822DCA79AF53}.Debug|Any CPU.ActiveCfg = Debug|Any CPU
		{923A6A52-A370-45F1-B55F-822DCA79AF53}.Debug|Any CPU.Build.0 = Debug|Any CPU
		{923A6A52-A370-45F1-B55F-822DCA79AF53}.Release|Any CPU.ActiveCfg = Release|Any CPU
		{923A6A52-A370-45F1-B55F-822DCA79AF53}.Release|Any CPU.Build.0 = Release|Any CPU
		{2FD9B880-2039-47E5-8EA0-0B9E8AD0FE56}.Debug|Any CPU.ActiveCfg = Debug|Any CPU
		{2FD9B880-2039-47E5-8EA0-0B9E8AD0FE56}.Debug|Any CPU.Build.0 = Debug|Any CPU
		{2FD9B880-2039-47E5-8EA0-0B9E8AD0FE56}.Release|Any CPU.ActiveCfg = Release|Any CPU
		{2FD9B880-2039-47E5-8EA0-0B9E8AD0FE56}.Release|Any CPU.Build.0 = Release|Any CPU
		{73229B9D-FDBF-411A-8287-D3743D259DEF}.Debug|Any CPU.ActiveCfg = Debug|Any CPU
		{73229B9D-FDBF-411A-8287-D3743D259DEF}.Debug|Any CPU.Build.0 = Debug|Any CPU
		{73229B9D-FDBF-411A-8287-D3743D259DEF}.Release|Any CPU.ActiveCfg = Release|Any CPU
		{73229B9D-FDBF-411A-8287-D3743D259DEF}.Release|Any CPU.Build.0 = Release|Any CPU
	EndGlobalSection
	GlobalSection(SolutionProperties) = preSolution
		HideSolutionNode = FALSE
	EndGlobalSection
	GlobalSection(ExtensibilityGlobals) = postSolution
		SolutionGuid = {08C4E064-7B5C-466A-8354-57B8C989F7FC}
	EndGlobalSection
EndGlobal
